{
    "_readme": [
        "This file locks the dependencies of your project to a known state",
        "Read more about it at https://getcomposer.org/doc/01-basic-usage.md#installing-dependencies",
        "This file is @generated automatically"
    ],
    "content-hash": "ccd478c78c7b32de6c642a4a8ed3e8e5",
    "packages": [
        {
            "name": "phpstan/phpstan",
            "version": "2.2.13",
            "dist": {
                "type": "zip",
                "url": "https://api.github.com/repos/phpstan/phpstan/zipball/9ba9ac76ee9c5cf5b56d58eb5deec6315b7a0260",
                "reference": "9ba9ac76ee9c5cf5b56d58eb5deec6315b7a0260",
                "shasum": ""
            },
            "require": {
                "php": "^7.4|^8.0"
            },
            "conflict": {
                "phpstan/phpstan-shim": "*"
            },
            "bin": [
                "phpstan",
                "phpstan.phar"
            ],
            "type": "library",
            "autoload": {
                "files": [
                    "bootstrap.php"
                ]
            },
            "notification-url": "https://packagist.org/downloads/",
            "license": [
                "MIT"
            ],
            "authors": [
                {
                    "name": "Ondřej Mirtes"
                },
                {
                    "name": "Markus Staab"
                },
                {
                    "name": "Vincent Langlet"
                }
            ],
            "description": "PHPStan - PHP Static Analysis Tool",
            "keywords": [
                "dev",
                "static analysis"
            ],
            "support": {
                "docs": "https://phpstan.org/user-guide/getting-started",
                "forum": "https://github.com/phpstan/phpstan/discussions",
                "issues": "https://github.com/phpstan/phpstan/issues",
                "security": "https://github.com/phpstan/phpstan/security/policy",
                "source": "https://github.com/phpstan/phpstan-src"
            },
            "funding": [
                {
                    "url": "https://github.com/ondrejmirtes",
                    "type": "github"
                },
                {
                    "url": "https://github.com/phpstan",
                    "type": "github"
                }
            ],
            "time": "2026-09-03T20:38:19+00:00"
        },
        {
            "name": "shipmonk/dead-code-detector",
            "version": "1.4.0",
            "source": {
                "type": "git",
                "url": "https://github.com/shipmonk-rnd/dead-code-detector.git",
                "reference": "05054d486526ef35c7f7c5148545a5f922cfea42"
            },
            "dist": {
                "type": "zip",
                "url": "https://api.github.com/repos/shipmonk-rnd/dead-code-detector/zipball/05054d486526ef35c7f7c5148545a5f922cfea42",
                "reference": "05054d486526ef35c7f7c5148545a5f922cfea42",
                "shasum": ""
            },
            "require": {
                "php": "^8.1",
                "phpstan/phpstan": "^2.1.41"
            },
            "require-dev": {
                "behat/behat": "^3.14",
                "composer-runtime-api": "^2.0",
                "composer/semver": "^3.4",
                "doctrine/orm": "^2.19 || ^3.0",
                "editorconfig-checker/editorconfig-checker": "^10.7.0",
                "ergebnis/composer-normalize": "^2.48.1",
                "laravel/framework": "^10.0 || ^11.0 || ^12.0",
                "nette/application": "^3.1",
                "nette/component-model": "^3.0",
                "nette/neon": "^3.4",
                "nette/tester": "^2.4",
                "nette/utils": "^3.0 || ^4.0",
                "nikic/php-parser": "^5.4.0",
                "phpat/phpat": "^0.12",
                "phpbench/phpbench": "^1.2",
                "phpstan/phpstan-phpunit": "^2.0.16",
                "phpstan/phpstan-strict-rules": "^2.0.10",
                "phpstan/phpstan-symfony": "^2.0.15",
                "phpunit/phpcov": "^9.0.2",
                "phpunit/phpunit": "^10.5.46",
                "shipmonk/coding-standard": "^0.3.0",
                "shipmonk/composer-dependency-analyser": "^1.8.4",
                "shipmonk/coverage-guard": "^1.1.0",
                "shipmonk/name-collision-detector": "^2.1.1",
                "shipmonk/phpstan-dev": "^0.1.6",
                "shipmonk/phpstan-rules": "^4.3.6",
                "symfony/contracts": "^2.5 || ^3.0 || ^4.0",
                "symfony/dependency-injection": "^5.4 || ^6.0 || ^7.0 || ^8.0",
                "symfony/doctrine-bridge": "^5.4 || ^6.0 || ^7.0 || ^8.0",
                "symfony/event-dispatcher": "^5.4 || ^6.0 || ^7.0 || ^8.0",
                "symfony/form": "^5.4 || ^6.0 || ^7.0 || ^8.0",
                "symfony/framework-bundle": "^5.4 || ^6.0 || ^7.0 || ^8.0",
                "symfony/http-kernel": "^5.4 || ^6.0 || ^7.0 || ^8.0",
                "symfony/routing": "^5.4 || ^6.0 || ^7.0 || ^8.0",
                "symfony/scheduler": "^6.3 || ^7.0 || ^8.0",
                "symfony/ux-live-component": "^2.34",
                "symfony/ux-twig-component": "^2.34",
                "symfony/validator": "^5.4 || ^6.0 || ^7.0 || ^8.0",
                "twig/twig": "^3.0"
            },
            "type": "phpstan-extension",
            "extra": {
                "phpstan": {
                    "includes": [
                        "rules.neon"
                    ]
                }
            },
            "autoload": {
                "psr-4": {
                    "ShipMonk\\PHPStan\\DeadCode\\": "src/"
                }
            },
            "notification-url": "https://packagist.org/downloads/",
            "license": [
                "MIT"
            ],
            "description": "Dead code detector to find unused PHP code via PHPStan extension. Can automatically remove dead PHP code. Supports libraries like Symfony, Doctrine, PHPUnit etc. Detects dead cycles. Can detect dead code that is tested.",
            "keywords": [
                "PHPStan",
                "dead code",
                "static analysis",
                "unused code"
            ],
            "support": {
                "issues": "https://github.com/shipmonk-rnd/dead-code-detector/issues",
                "source": "https://github.com/shipmonk-rnd/dead-code-detector/tree/1.4.0"
            },
            "time": "2026-08-28T10:48:53+00:00"
        }
    ],
    "packages-dev": [],
    "aliases": [],
    "minimum-stability": "stable",
    "stability-flags": {},
    "prefer-stable": false,
    "prefer-lowest": false,
    "platform": {},
    "platform-dev": {},
    "platform-overrides": {
        "php": "8.4.24"
    },
    "plugin-api-version": "2.6.0"
}
